
Microsoft Visual Studio Solution File, Format Version 12.00
# Visual Studio Version 16
VisualStudioVersion = 16.0.29411.108
MinimumVisualStudioVersion = 10.0.40219.1
Project("{FAE04EC0-301F-11D3-BF4B-00C04F79EFBC}") = "Lesson4", "Lesson4\Lesson4.csproj", "{D4DDE80C-5EC2-4BAB-97B6-93FA284D0432}"
EndProject
Global
	GlobalSection(SolutionConfigurationPlatforms) = preSolution
		Debug|Any CPU = Debug|Any CPU
		Release|Any CPU = Release|Any CPU
	EndGlobalSection
	GlobalSection(ProjectConfigurationPlatforms) = postSolution
		{D4DDE80C-5EC2-4BAB-97B6-93FA284D0432}.Debug|Any CPU.ActiveCfg = Debug|Any CPU
		{D4DDE80C-5EC2-4BAB-97B6-93FA284D0432}.Debug|Any CPU.Build.0 = Debug|Any CPU
		{D4DDE80C-5EC2-4BAB-97B6-93FA284D0432}.Release|Any CPU.ActiveCfg = Release|Any CPU
		{D4DDE80C-5EC2-4BAB-97B6-93FA284D0432}.Release|Any CPU.Build.0 = Release|Any CPU
	EndGlobalSection
	GlobalSection(SolutionProperties) = preSolution
		HideSolutionNode = FALSE
	EndGlobalSection
	GlobalSection(ExtensibilityGlobals) = postSolution
		SolutionGuid = {8753BCF1-F34B-4B32-9940-7BDC59560C87}
	EndGlobalSection
EndGlobal
