
Microsoft Visual Studio Solution File, Format Version 12.00
# Visual Studio Version 16
VisualStudioVersion = 16.0.29411.108
MinimumVisualStudioVersion = 10.0.40219.1
Project("{FAE04EC0-301F-11D3-BF4B-00C04F79EFBC}") = "Lesson5RandomSzám", "Lesson5RandomSzám\Lesson5RandomSzám.csproj", "{BD50344D-9658-44FE-B8CB-DB6AB8AB51B2}"
EndProject
Global
	GlobalSection(SolutionConfigurationPlatforms) = preSolution
		Debug|Any CPU = Debug|Any CPU
		Release|Any CPU = Release|Any CPU
	EndGlobalSection
	GlobalSection(ProjectConfigurationPlatforms) = postSolution
		{BD50344D-9658-44FE-B8CB-DB6AB8AB51B2}.Debug|Any CPU.ActiveCfg = Debug|Any CPU
		{BD50344D-9658-44FE-B8CB-DB6AB8AB51B2}.Debug|Any CPU.Build.0 = Debug|Any CPU
		{BD50344D-9658-44FE-B8CB-DB6AB8AB51B2}.Release|Any CPU.ActiveCfg = Release|Any CPU
		{BD50344D-9658-44FE-B8CB-DB6AB8AB51B2}.Release|Any CPU.Build.0 = Release|Any CPU
	EndGlobalSection
	GlobalSection(SolutionProperties) = preSolution
		HideSolutionNode = FALSE
	EndGlobalSection
	GlobalSection(ExtensibilityGlobals) = postSolution
		SolutionGuid = {DA6FC081-BC8E-4C12-A06F-E6CC2815966B}
	EndGlobalSection
EndGlobal
